# This file is automatically @generated by Poetry 2.3.2 and should not be changed by hand.

[[package]]
name = "faker"
version = "40.11.0"
description = "Faker is a Python package that generates fake data for you."
optional = false
python-versions = ">=3.10"
groups = ["main"]
files = [
    {file = "faker-40.11.0-py3-none-any.whl", hash = "sha256:0e9816c950528d2a37d74863f3ef389ea9a3a936cbcde0b11b8499942e25bf90"},
    {file = "faker-40.11.0.tar.gz", hash = "sha256:7c419299103b13126bd02ec14bd2b47b946edb5a5eedf305e66a193b25f9a734"},
]

[package.dependencies]
tzdata = {version = "*", markers = "platform_system == \"Windows\""}

[package.extras]
tzdata = ["tzdata"]

[[package]]
name = "tzdata"
version = "2025.3"
description = "Provider of IANA time zone data"
optional = false
python-versions = ">=2"
groups = ["main"]
markers = "platform_system == \"Windows\""
files = [
    {file = "tzdata-2025.3-py2.py3-none-any.whl", hash = "sha256:06a47e5700f3081aab02b2e513160914ff0694bce9947d6b76ebd6bf57cfc5d1"},
    {file = "tzdata-2025.3.tar.gz", hash = "sha256:de39c2ca5dc7b0344f2eba86f49d614019d29f060fc4ebc8a417896a620b56a7"},
]

[metadata]
lock-version = "2.1"
python-versions = ">=3.12"
content-hash = "a80100f87ab31878964b6d6991752dca08b2e4282a420022e94d0d1d1c06e4db"
